
Microsoft Visual Studio Solution File, Format Version 12.00
# Visual Studio Version 17
VisualStudioVersion = 17.1.32421.90
MinimumVisualStudioVersion = 10.0.40219.1
Project("{FAE04EC0-301F-11D3-BF4B-00C04F79EFBC}") = "ScuutCore", "ScuutCore.csproj", "{70196084-B79C-4B59-ABC8-411952576ED1}"
EndProject
Project("{FAE04EC0-301F-11D3-BF4B-00C04F79EFBC}") = "EventManager", "..\EventManager\EventManager.csproj", "{DD64AADD-C1FF-4CE6-9426-748D62F3DF97}"
EndProject
Project("{FAE04EC0-301F-11D3-BF4B-00C04F79EFBC}") = "EasyEvents", "..\EasyEvents\EasyEvents.csproj", "{F8056F41-81DB-4AE6-BDF0-658E7253739A}"
EndProject
Global
	GlobalSection(SolutionConfigurationPlatforms) = preSolution
		Debug|Any CPU = Debug|Any CPU
		Release|Any CPU = Release|Any CPU
	EndGlobalSection
	GlobalSection(ProjectConfigurationPlatforms) = postSolution
		{70196084-B79C-4B59-ABC8-411952576ED1}.Debug|Any CPU.ActiveCfg = Debug|Any CPU
		{70196084-B79C-4B59-ABC8-411952576ED1}.Debug|Any CPU.Build.0 = Debug|Any CPU
		{70196084-B79C-4B59-ABC8-411952576ED1}.Release|Any CPU.ActiveCfg = Release|Any CPU
		{70196084-B79C-4B59-ABC8-411952576ED1}.Release|Any CPU.Build.0 = Release|Any CPU
		{DD64AADD-C1FF-4CE6-9426-748D62F3DF97}.Debug|Any CPU.ActiveCfg = Debug|Any CPU
		{DD64AADD-C1FF-4CE6-9426-748D62F3DF97}.Debug|Any CPU.Build.0 = Debug|Any CPU
		{DD64AADD-C1FF-4CE6-9426-748D62F3DF97}.Release|Any CPU.ActiveCfg = Release|Any CPU
		{DD64AADD-C1FF-4CE6-9426-748D62F3DF97}.Release|Any CPU.Build.0 = Release|Any CPU
		{F8056F41-81DB-4AE6-BDF0-658E7253739A}.Debug|Any CPU.ActiveCfg = Debug|Any CPU
		{F8056F41-81DB-4AE6-BDF0-658E7253739A}.Debug|Any CPU.Build.0 = Debug|Any CPU
		{F8056F41-81DB-4AE6-BDF0-658E7253739A}.Release|Any CPU.ActiveCfg = Release|Any CPU
		{F8056F41-81DB-4AE6-BDF0-658E7253739A}.Release|Any CPU.Build.0 = Release|Any CPU
	EndGlobalSection
	GlobalSection(SolutionProperties) = preSolution
		HideSolutionNode = FALSE
	EndGlobalSection
	GlobalSection(ExtensibilityGlobals) = postSolution
		SolutionGuid = {F96D41D7-EB3F-4E65-BF18-CE6BAE67A2D3}
	EndGlobalSection
EndGlobal
